
Microsoft Visual Studio Solution File, Format Version 11.00
# Visual Studio 2010
Project("{8BC9CEB8-8B4A-11D0-8D11-00A0C91BC942}") = "17.1", "17.1\17.1.vcxproj", "{737A46F2-5B93-4AE9-A7FF-F27018AED980}"
EndProject
Global
	GlobalSection(SolutionConfigurationPlatforms) = preSolution
		Debug|Win32 = Debug|Win32
		Release|Win32 = Release|Win32
	EndGlobalSection
	GlobalSection(ProjectConfigurationPlatforms) = postSolution
		{737A46F2-5B93-4AE9-A7FF-F27018AED980}.Debug|Win32.ActiveCfg = Debug|Win32
		{737A46F2-5B93-4AE9-A7FF-F27018AED980}.Debug|Win32.Build.0 = Debug|Win32
		{737A46F2-5B93-4AE9-A7FF-F27018AED980}.Release|Win32.ActiveCfg = Release|Win32
		{737A46F2-5B93-4AE9-A7FF-F27018AED980}.Release|Win32.Build.0 = Release|Win32
	EndGlobalSection
	GlobalSection(SolutionProperties) = preSolution
		HideSolutionNode = FALSE
	EndGlobalSection
EndGlobal
